{
  "name": "pixel-os-nodejs",
  "version": "1.0.0",
  "lockfileVersion": 1,
  "requires": true,
  "dependencies": {
    "epxress": {
      "version": "0.0.1-security",
      "resolved": "https://registry.npmjs.org/epxress/-/epxress-0.0.1-security.tgz",
      "integrity": "sha512-3Uxqdqt9xUpPvEGJjhyNGbTtjeYRsSCy74gsYxMqeIUQnRk/6/YFgvjfQtdPeFgRXEnJ8zI6gaskfFLOOG/ELg=="
    }
  }
}
